
Microsoft Visual Studio Solution File, Format Version 12.00
# Visual Studio Version 16
VisualStudioVersion = 16.0.31410.357
MinimumVisualStudioVersion = 10.0.40219.1
Project("{9A19103F-16F7-4668-BE54-9A1E7A4F7556}") = "DirLinkerWPF", "DirLinkerWPF\DirLinkerWPF.csproj", "{1DB94BF2-BC6F-47E2-A61B-227357E26837}"
EndProject
Project("{FAE04EC0-301F-11D3-BF4B-00C04F79EFBC}") = "HardLinkTool", "HardLinkTool\HardLinkTool.csproj", "{A233A184-EF6C-4879-8A19-1CDB7B0C6B85}"
EndProject
Project("{FAE04EC0-301F-11D3-BF4B-00C04F79EFBC}") = "DirLinkerConfig", "DirLinkerConfig\DirLinkerConfig.csproj", "{EE86D2FF-1273-49F9-B533-F0DA5CCB7ECC}"
EndProject
Global
	GlobalSection(SolutionConfigurationPlatforms) = preSolution
		Debug|Any CPU = Debug|Any CPU
		Debug|ARM = Debug|ARM
		Debug|ARM64 = Debug|ARM64
		Debug|x64 = Debug|x64
		Debug|x86 = Debug|x86
		Release|Any CPU = Release|Any CPU
		Release|ARM = Release|ARM
		Release|ARM64 = Release|ARM64
		Release|x64 = Release|x64
		Release|x86 = Release|x86
	EndGlobalSection
	GlobalSection(ProjectConfigurationPlatforms) = postSolution
		{1DB94BF2-BC6F-47E2-A61B-227357E26837}.Debug|Any CPU.ActiveCfg = Debug|Any CPU
		{1DB94BF2-BC6F-47E2-A61B-227357E26837}.Debug|Any CPU.Build.0 = Debug|Any CPU
		{1DB94BF2-BC6F-47E2-A61B-227357E26837}.Debug|ARM.ActiveCfg = Debug|Any CPU
		{1DB94BF2-BC6F-47E2-A61B-227357E26837}.Debug|ARM.Build.0 = Debug|Any CPU
		{1DB94BF2-BC6F-47E2-A61B-227357E26837}.Debug|ARM64.ActiveCfg = Debug|Any CPU
		{1DB94BF2-BC6F-47E2-A61B-227357E26837}.Debug|ARM64.Build.0 = Debug|Any CPU
		{1DB94BF2-BC6F-47E2-A61B-227357E26837}.Debug|x64.ActiveCfg = Debug|Any CPU
		{1DB94BF2-BC6F-47E2-A61B-227357E26837}.Debug|x64.Build.0 = Debug|Any CPU
		{1DB94BF2-BC6F-47E2-A61B-227357E26837}.Debug|x86.ActiveCfg = Debug|Any CPU
		{1DB94BF2-BC6F-47E2-A61B-227357E26837}.Debug|x86.Build.0 = Debug|Any CPU
		{1DB94BF2-BC6F-47E2-A61B-227357E26837}.Release|Any CPU.ActiveCfg = Release|Any CPU
		{1DB94BF2-BC6F-47E2-A61B-227357E26837}.Release|Any CPU.Build.0 = Release|Any CPU
		{1DB94BF2-BC6F-47E2-A61B-227357E26837}.Release|ARM.ActiveCfg = Release|Any CPU
		{1DB94BF2-BC6F-47E2-A61B-227357E26837}.Release|ARM.Build.0 = Release|Any CPU
		{1DB94BF2-BC6F-47E2-A61B-227357E26837}.Release|ARM64.ActiveCfg = Release|Any CPU
		{1DB94BF2-BC6F-47E2-A61B-227357E26837}.Release|ARM64.Build.0 = Release|Any CPU
		{1DB94BF2-BC6F-47E2-A61B-227357E26837}.Release|x64.ActiveCfg = Release|Any CPU
		{1DB94BF2-BC6F-47E2-A61B-227357E26837}.Release|x64.Build.0 = Release|Any CPU
		{1DB94BF2-BC6F-47E2-A61B-227357E26837}.Release|x86.ActiveCfg = Release|Any CPU
		{1DB94BF2-BC6F-47E2-A61B-227357E26837}.Release|x86.Build.0 = Release|Any CPU
		{A233A184-EF6C-4879-8A19-1CDB7B0C6B85}.Debug|Any CPU.ActiveCfg = Debug|Any CPU
		{A233A184-EF6C-4879-8A19-1CDB7B0C6B85}.Debug|Any CPU.Build.0 = Debug|Any CPU
		{A233A184-EF6C-4879-8A19-1CDB7B0C6B85}.Debug|ARM.ActiveCfg = Debug|Any CPU
		{A233A184-EF6C-4879-8A19-1CDB7B0C6B85}.Debug|ARM.Build.0 = Debug|Any CPU
		{A233A184-EF6C-4879-8A19-1CDB7B0C6B85}.Debug|ARM64.ActiveCfg = Debug|Any CPU
		{A233A184-EF6C-4879-8A19-1CDB7B0C6B85}.Debug|ARM64.Build.0 = Debug|Any CPU
		{A233A184-EF6C-4879-8A19-1CDB7B0C6B85}.Debug|x64.ActiveCfg = Debug|Any CPU
		{A233A184-EF6C-4879-8A19-1CDB7B0C6B85}.Debug|x64.Build.0 = Debug|Any CPU
		{A233A184-EF6C-4879-8A19-1CDB7B0C6B85}.Debug|x86.ActiveCfg = Debug|Any CPU
		{A233A184-EF6C-4879-8A19-1CDB7B0C6B85}.Debug|x86.Build.0 = Debug|Any CPU
		{A233A184-EF6C-4879-8A19-1CDB7B0C6B85}.Release|Any CPU.ActiveCfg = Release|Any CPU
		{A233A184-EF6C-4879-8A19-1CDB7B0C6B85}.Release|Any CPU.Build.0 = Release|Any CPU
		{A233A184-EF6C-4879-8A19-1CDB7B0C6B85}.Release|ARM.ActiveCfg = Release|Any CPU
		{A233A184-EF6C-4879-8A19-1CDB7B0C6B85}.Release|ARM.Build.0 = Release|Any CPU
		{A233A184-EF6C-4879-8A19-1CDB7B0C6B85}.Release|ARM64.ActiveCfg = Release|Any CPU
		{A233A184-EF6C-4879-8A19-1CDB7B0C6B85}.Release|ARM64.Build.0 = Release|Any CPU
		{A233A184-EF6C-4879-8A19-1CDB7B0C6B85}.Release|x64.ActiveCfg = Release|Any CPU
		{A233A184-EF6C-4879-8A19-1CDB7B0C6B85}.Release|x64.Build.0 = Release|Any CPU
		{A233A184-EF6C-4879-8A19-1CDB7B0C6B85}.Release|x86.ActiveCfg = Release|Any CPU
		{A233A184-EF6C-4879-8A19-1CDB7B0C6B85}.Release|x86.Build.0 = Release|Any CPU
		{EE86D2FF-1273-49F9-B533-F0DA5CCB7ECC}.Debug|Any CPU.ActiveCfg = Debug|Any CPU
		{EE86D2FF-1273-49F9-B533-F0DA5CCB7ECC}.Debug|Any CPU.Build.0 = Debug|Any CPU
		{EE86D2FF-1273-49F9-B533-F0DA5CCB7ECC}.Debug|ARM.ActiveCfg = Debug|Any CPU
		{EE86D2FF-1273-49F9-B533-F0DA5CCB7ECC}.Debug|ARM.Build.0 = Debug|Any CPU
		{EE86D2FF-1273-49F9-B533-F0DA5CCB7ECC}.Debug|ARM64.ActiveCfg = Debug|Any CPU
		{EE86D2FF-1273-49F9-B533-F0DA5CCB7ECC}.Debug|ARM64.Build.0 = Debug|Any CPU
		{EE86D2FF-1273-49F9-B533-F0DA5CCB7ECC}.Debug|x64.ActiveCfg = Debug|Any CPU
		{EE86D2FF-1273-49F9-B533-F0DA5CCB7ECC}.Debug|x64.Build.0 = Debug|Any CPU
		{EE86D2FF-1273-49F9-B533-F0DA5CCB7ECC}.Debug|x86.ActiveCfg = Debug|Any CPU
		{EE86D2FF-1273-49F9-B533-F0DA5CCB7ECC}.Debug|x86.Build.0 = Debug|Any CPU
		{EE86D2FF-1273-49F9-B533-F0DA5CCB7ECC}.Release|Any CPU.ActiveCfg = Release|Any CPU
		{EE86D2FF-1273-49F9-B533-F0DA5CCB7ECC}.Release|Any CPU.Build.0 = Release|Any CPU
		{EE86D2FF-1273-49F9-B533-F0DA5CCB7ECC}.Release|ARM.ActiveCfg = Release|Any CPU
		{EE86D2FF-1273-49F9-B533-F0DA5CCB7ECC}.Release|ARM.Build.0 = Release|Any CPU
		{EE86D2FF-1273-49F9-B533-F0DA5CCB7ECC}.Release|ARM64.ActiveCfg = Release|Any CPU
		{EE86D2FF-1273-49F9-B533-F0DA5CCB7ECC}.Release|ARM64.Build.0 = Release|Any CPU
		{EE86D2FF-1273-49F9-B533-F0DA5CCB7ECC}.Release|x64.ActiveCfg = Release|Any CPU
		{EE86D2FF-1273-49F9-B533-F0DA5CCB7ECC}.Release|x64.Build.0 = Release|Any CPU
		{EE86D2FF-1273-49F9-B533-F0DA5CCB7ECC}.Release|x86.ActiveCfg = Release|Any CPU
		{EE86D2FF-1273-49F9-B533-F0DA5CCB7ECC}.Release|x86.Build.0 = Release|Any CPU
	EndGlobalSection
	GlobalSection(SolutionProperties) = preSolution
		HideSolutionNode = FALSE
	EndGlobalSection
	GlobalSection(ExtensibilityGlobals) = postSolution
		SolutionGuid = {F484D0E0-1CF6-48EB-AA01-BF70684BCB81}
	EndGlobalSection
EndGlobal
